// !$*UTF8*$!
{
	archiveVersion = 1;
	classes = {
	};
	objectVersion = 46;
	objects = {

/* Begin PBXBuildFile section */
		55F209141E6F617C00AF62B0 /* LoginViewController.swift in Sources */ = {isa = PBXBuildFile; fileRef = 55F209131E6F617C00AF62B0 /* LoginViewController.swift */; };
		55F209161E6F82E100AF62B0 /* PostsViewController.swift in Sources */ = {isa = PBXBuildFile; fileRef = 55F209151E6F82E100AF62B0 /* PostsViewController.swift */; };
		55FFB3441E6DF0C40060F0EF /* AppDelegate.swift in Sources */ = {isa = PBXBuildFile; fileRef = 55FFB3431E6DF0C40060F0EF /* AppDelegate.swift */; };
		55FFB3461E6DF0C40060F0EF /* ViewController.swift in Sources */ = {isa = PBXBuildFile; fileRef = 55FFB3451E6DF0C40060F0EF /* ViewController.swift */; };
		55FFB3491E6DF0C40060F0EF /* Main.storyboard in Resources */ = {isa = PBXBuildFile; fileRef = 55FFB3471E6DF0C40060F0EF /* Main.storyboard */; };
		55FFB34B1E6DF0C40060F0EF /* Assets.xcassets in Resources */ = {isa = PBXBuildFile; fileRef = 55FFB34A1E6DF0C40060F0EF /* Assets.xcassets */; };
		55FFB34E1E6DF0C40060F0EF /* LaunchScreen.storyboard in Resources */ = {isa = PBXBuildFile; fileRef = 55FFB34C1E6DF0C40060F0EF /* LaunchScreen.storyboard */; };
		55FFB3591E6DF0C40060F0EF /* InstagramTests.swift in Sources */ = {isa = PBXBuildFile; fileRef = 55FFB3581E6DF0C40060F0EF /* InstagramTests.swift */; };
		55FFB3641E6DF0C40060F0EF /* InstagramUITests.swift in Sources */ = {isa = PBXBuildFile; fileRef = 55FFB3631E6DF0C40060F0EF /* InstagramUITests.swift */; };
		771EE40096157B9C2BC7366C /* Pods_InstagramUITests.framework in Frameworks */ = {isa = PBXBuildFile; fileRef = 939CEBB2871775C8A04A43BC /* Pods_InstagramUITests.framework */; };
		AC516EA29C8BB8C04DD4C86E /* Pods_Instagram.framework in Frameworks */ = {isa = PBXBuildFile; fileRef = D070336E08A25D704BD6E245 /* Pods_Instagram.framework */; };
		CA142B9EC0A4635A4204C0C7 /* Pods_InstagramTests.framework in Frameworks */ = {isa = PBXBuildFile; fileRef = ADBA2270673E8D6792386426 /* Pods_InstagramTests.framework */; };
/* End PBXBuildFile section */

/* Begin PBXContainerItemProxy section */
		55FFB3551E6DF0C40060F0EF /* PBXContainerItemProxy */ = {
			isa = PBXContainerItemProxy;
			containerPortal = 55FFB3381E6DF0C30060F0EF /* Project object */;
			proxyType = 1;
			remoteGlobalIDString = 55FFB33F1E6DF0C30060F0EF;
			remoteInfo = Instagram;
		};
		55FFB3601E6DF0C40060F0EF /* PBXContainerItemProxy */ = {
			isa = PBXContainerItemProxy;
			containerPortal = 55FFB3381E6DF0C30060F0EF /* Project object */;
			proxyType = 1;
			remoteGlobalIDString = 55FFB33F1E6DF0C30060F0EF;
			remoteInfo = Instagram;
		};
/* End PBXContainerItemProxy section */

/* Begin PBXFileReference section */
		39D3861BEE5D2EADFB0C1278 /* Pods-InstagramTests.release.xcconfig */ = {isa = PBXFileReference; includeInIndex = 1; lastKnownFileType = text.xcconfig; name = "Pods-InstagramTests.release.xcconfig"; path = "Pods/Target Support Files/Pods-InstagramTests/Pods-InstagramTests.release.xcconfig"; sourceTree = "<group>"; };
		55F209131E6F617C00AF62B0 /* LoginViewController.swift */ = {isa = PBXFileReference; fileEncoding = 4; lastKnownFileType = sourcecode.swift; path = LoginViewController.swift; sourceTree = "<group>"; };
		55F209151E6F82E100AF62B0 /* PostsViewController.swift */ = {isa = PBXFileReference; fileEncoding = 4; lastKnownFileType = sourcecode.swift; path = PostsViewController.swift; sourceTree = "<group>"; };
		55FFB3401E6DF0C40060F0EF /* Instagram.app */ = {isa = PBXFileReference; explicitFileType = wrapper.application; includeInIndex = 0; path = Instagram.app; sourceTree = BUILT_PRODUCTS_DIR; };
		55FFB3431E6DF0C40060F0EF /* AppDelegate.swift */ = {isa = PBXFileReference; lastKnownFileType = sourcecode.swift; path = AppDelegate.swift; sourceTree = "<group>"; };
		55FFB3451E6DF0C40060F0EF /* ViewController.swift */ = {isa = PBXFileReference; lastKnownFileType = sourcecode.swift; path = ViewController.swift; sourceTree = "<group>"; };
		55FFB3481E6DF0C40060F0EF /* Base */ = {isa = PBXFileReference; lastKnownFileType = file.storyboard; name = Base; path = Base.lproj/Main.storyboard; sourceTree = "<group>"; };
		55FFB34A1E6DF0C40060F0EF /* Assets.xcassets */ = {isa = PBXFileReference; lastKnownFileType = folder.assetcatalog; path = Assets.xcassets; sourceTree = "<group>"; };
		55FFB34D1E6DF0C40060F0EF /* Base */ = {isa = PBXFileReference; lastKnownFileType = file.storyboard; name = Base; path = Base.lproj/LaunchScreen.storyboard; sourceTree = "<group>"; };
		55FFB34F1E6DF0C40060F0EF /* Info.plist */ = {isa = PBXFileReference; lastKnownFileType = text.plist.xml; path = Info.plist; sourceTree = "<group>"; };
		55FFB3541E6DF0C40060F0EF /* InstagramTests.xctest */ = {isa = PBXFileReference; explicitFileType = wrapper.cfbundle; includeInIndex = 0; path = InstagramTests.xctest; sourceTree = BUILT_PRODUCTS_DIR; };
		55FFB3581E6DF0C40060F0EF /* InstagramTests.swift */ = {isa = PBXFileReference; lastKnownFileType = sourcecode.swift; path = InstagramTests.swift; sourceTree = "<group>"; };
		55FFB35A1E6DF0C40060F0EF /* Info.plist */ = {isa = PBXFileReference; lastKnownFileType = text.plist.xml; path = Info.plist; sourceTree = "<group>"; };
		55FFB35F1E6DF0C40060F0EF /* InstagramUITests.xctest */ = {isa = PBXFileReference; explicitFileType = wrapper.cfbundle; includeInIndex = 0; path = InstagramUITests.xctest; sourceTree = BUILT_PRODUCTS_DIR; };
		55FFB3631E6DF0C40060F0EF /* InstagramUITests.swift */ = {isa = PBXFileReference; lastKnownFileType = sourcecode.swift; path = InstagramUITests.swift; sourceTree = "<group>"; };
		55FFB3651E6DF0C40060F0EF /* Info.plist */ = {isa = PBXFileReference; lastKnownFileType = text.plist.xml; path = Info.plist; sourceTree = "<group>"; };
		6E704470C5856A0AE855B675 /* Pods-Instagram.release.xcconfig */ = {isa = PBXFileReference; includeInIndex = 1; lastKnownFileType = text.xcconfig; name = "Pods-Instagram.release.xcconfig"; path = "Pods/Target Support Files/Pods-Instagram/Pods-Instagram.release.xcconfig"; sourceTree = "<group>"; };
		939CEBB2871775C8A04A43BC /* Pods_InstagramUITests.framework */ = {isa = PBXFileReference; explicitFileType = wrapper.framework; includeInIndex = 0; path = Pods_InstagramUITests.framework; sourceTree = BUILT_PRODUCTS_DIR; };
		ADBA2270673E8D6792386426 /* Pods_InstagramTests.framework */ = {isa = PBXFileReference; explicitFileType = wrapper.framework; includeInIndex = 0; path = Pods_InstagramTests.framework; sourceTree = BUILT_PRODUCTS_DIR; };
		B38509983A2F86E470CBB40F /* Pods-InstagramTests.debug.xcconfig */ = {isa = PBXFileReference; includeInIndex = 1; lastKnownFileType = text.xcconfig; name = "Pods-InstagramTests.debug.xcconfig"; path = "Pods/Target Support Files/Pods-InstagramTests/Pods-InstagramTests.debug.xcconfig"; sourceTree = "<group>"; };
		BA7B5442F21F5A9A71CB2909 /* Pods-InstagramUITests.release.xcconfig */ = {isa = PBXFileReference; includeInIndex = 1; lastKnownFileType = text.xcconfig; name = "Pods-InstagramUITests.release.xcconfig"; path = "Pods/Target Support Files/Pods-InstagramUITests/Pods-InstagramUITests.release.xcconfig"; sourceTree = "<group>"; };
		BCB1C4F50C8A2C525D1926E5 /* Pods-InstagramUITests.debug.xcconfig */ = {isa = PBXFileReference; includeInIndex = 1; lastKnownFileType = text.xcconfig; name = "Pods-InstagramUITests.debug.xcconfig"; path = "Pods/Target Support Files/Pods-InstagramUITests/Pods-InstagramUITests.debug.xcconfig"; sourceTree = "<group>"; };
		D070336E08A25D704BD6E245 /* Pods_Instagram.framework */ = {isa = PBXFileReference; explicitFileType = wrapper.framework; includeInIndex = 0; path = Pods_Instagram.framework; sourceTree = BUILT_PRODUCTS_DIR; };
		E681109DDBD62DFF3859DE82 /* Pods-Instagram.debug.xcconfig */ = {isa = PBXFileReference; includeInIndex = 1; lastKnownFileType = text.xcconfig; name = "Pods-Instagram.debug.xcconfig"; path = "Pods/Target Support Files/Pods-Instagram/Pods-Instagram.debug.xcconfig"; sourceTree = "<group>"; };
/* End PBXFileReference section */

/* Begin PBXFrameworksBuildPhase section */
		55FFB33D1E6DF0C30060F0EF /* Frameworks */ = {
			isa = PBXFrameworksBuildPhase;
			buildActionMask = 2147483647;
			files = (
				AC516EA29C8BB8C04DD4C86E /* Pods_Instagram.framework in Frameworks */,
			);
			runOnlyForDeploymentPostprocessing = 0;
		};
		55FFB3511E6DF0C40060F0EF /* Frameworks */ = {
			isa = PBXFrameworksBuildPhase;
			buildActionMask = 2147483647;
			files = (
				CA142B9EC0A4635A4204C0C7 /* Pods_InstagramTests.framework in Frameworks */,
			);
			runOnlyForDeploymentPostprocessing = 0;
		};
		55FFB35C1E6DF0C40060F0EF /* Frameworks */ = {
			isa = PBXFrameworksBuildPhase;
			buildActionMask = 2147483647;
			files = (
				771EE40096157B9C2BC7366C /* Pods_InstagramUITests.framework in Frameworks */,
			);
			runOnlyForDeploymentPostprocessing = 0;
		};
/* End PBXFrameworksBuildPhase section */

/* Begin PBXGroup section */
		55F209121E6F616300AF62B0 /* ViewControllers */ = {
			isa = PBXGroup;
			children = (
				55F209131E6F617C00AF62B0 /* LoginViewController.swift */,
				55F209151E6F82E100AF62B0 /* PostsViewController.swift */,
			);
			name = ViewControllers;
			sourceTree = "<group>";
		};
		55FFB3371E6DF0C30060F0EF = {
			isa = PBXGroup;
			children = (
				55FFB3421E6DF0C40060F0EF /* Instagram */,
				55FFB3571E6DF0C40060F0EF /* InstagramTests */,
				55FFB3621E6DF0C40060F0EF /* InstagramUITests */,
				55FFB3411E6DF0C40060F0EF /* Products */,
				CB410AA51A8D343D7F482AB8 /* Pods */,
				F61875B5747776629F1A1F45 /* Frameworks */,
			);
			sourceTree = "<group>";
		};
		55FFB3411E6DF0C40060F0EF /* Products */ = {
			isa = PBXGroup;
			children = (
				55FFB3401E6DF0C40060F0EF /* Instagram.app */,
				55FFB3541E6DF0C40060F0EF /* InstagramTests.xctest */,
				55FFB35F1E6DF0C40060F0EF /* InstagramUITests.xctest */,
			);
			name = Products;
			sourceTree = "<group>";
		};
		55FFB3421E6DF0C40060F0EF /* Instagram */ = {
			isa = PBXGroup;
			children = (
				55F209121E6F616300AF62B0 /* ViewControllers */,
				55FFB3431E6DF0C40060F0EF /* AppDelegate.swift */,
				55FFB3451E6DF0C40060F0EF /* ViewController.swift */,
				55FFB3471E6DF0C40060F0EF /* Main.storyboard */,
				55FFB34A1E6DF0C40060F0EF /* Assets.xcassets */,
				55FFB34C1E6DF0C40060F0EF /* LaunchScreen.storyboard */,
				55FFB34F1E6DF0C40060F0EF /* Info.plist */,
			);
			path = Instagram;
			sourceTree = "<group>";
		};
		55FFB3571E6DF0C40060F0EF /* InstagramTests */ = {
			isa = PBXGroup;
			children = (
				55FFB3581E6DF0C40060F0EF /* InstagramTests.swift */,
				55FFB35A1E6DF0C40060F0EF /* Info.plist */,
			);
			path = InstagramTests;
			sourceTree = "<group>";
		};
		55FFB3621E6DF0C40060F0EF /* InstagramUITests */ = {
			isa = PBXGroup;
			children = (
				55FFB3631E6DF0C40060F0EF /* InstagramUITests.swift */,
				55FFB3651E6DF0C40060F0EF /* Info.plist */,
			);
			path = InstagramUITests;
			sourceTree = "<group>";
		};
		CB410AA51A8D343D7F482AB8 /* Pods */ = {
			isa = PBXGroup;
			children = (
				E681109DDBD62DFF3859DE82 /* Pods-Instagram.debug.xcconfig */,
				6E704470C5856A0AE855B675 /* Pods-Instagram.release.xcconfig */,
				B38509983A2F86E470CBB40F /* Pods-InstagramTests.debug.xcconfig */,
				39D3861BEE5D2EADFB0C1278 /* Pods-InstagramTests.release.xcconfig */,
				BCB1C4F50C8A2C525D1926E5 /* Pods-InstagramUITests.debug.xcconfig */,
				BA7B5442F21F5A9A71CB2909 /* Pods-InstagramUITests.release.xcconfig */,
			);
			name = Pods;
			sourceTree = "<group>";
		};
		F61875B5747776629F1A1F45 /* Frameworks */ = {
			isa = PBXGroup;
			children = (
				D070336E08A25D704BD6E245 /* Pods_Instagram.framework */,
				ADBA2270673E8D6792386426 /* Pods_InstagramTests.framework */,
				939CEBB2871775C8A04A43BC /* Pods_InstagramUITests.framework */,
			);
			name = Frameworks;
			sourceTree = "<group>";
		};
/* End PBXGroup section */

/* Begin PBXNativeTarget section */
		55FFB33F1E6DF0C30060F0EF /* Instagram */ = {
			isa = PBXNativeTarget;
			buildConfigurationList = 55FFB3681E6DF0C40060F0EF /* Build configuration list for PBXNativeTarget "Instagram" */;
			buildPhases = (
				F136C1FE8DE511DE0DE86952 /* [CP] Check Pods Manifest.lock */,
				55FFB33C1E6DF0C30060F0EF /* Sources */,
				55FFB33D1E6DF0C30060F0EF /* Frameworks */,
				55FFB33E1E6DF0C30060F0EF /* Resources */,
				E4D113D04A121C32BFE52AA6 /* [CP] Embed Pods Frameworks */,
				0564D20E59DF7CFC68DBDB50 /* [CP] Copy Pods Resources */,
			);
			buildRules = (
			);
			dependencies = (
			);
			name = Instagram;
			productName = Instagram;
			productReference = 55FFB3401E6DF0C40060F0EF /* Instagram.app */;
			productType = "com.apple.product-type.application";
		};
		55FFB3531E6DF0C40060F0EF /* InstagramTests */ = {
			isa = PBXNativeTarget;
			buildConfigurationList = 55FFB36B1E6DF0C40060F0EF /* Build configuration list for PBXNativeTarget "InstagramTests" */;
			buildPhases = (
				34B8825A3F30D351CDE1B5C4 /* [CP] Check Pods Manifest.lock */,
				55FFB3501E6DF0C40060F0EF /* Sources */,
				55FFB3511E6DF0C40060F0EF /* Frameworks */,
				55FFB3521E6DF0C40060F0EF /* Resources */,
				380E3B04433747B7EA54561A /* [CP] Embed Pods Frameworks */,
				1E7E889E9631B0008A443B8E /* [CP] Copy Pods Resources */,
			);
			buildRules = (
			);
			dependencies = (
				55FFB3561E6DF0C40060F0EF /* PBXTargetDependency */,
			);
			name = InstagramTests;
			productName = InstagramTests;
			productReference = 55FFB3541E6DF0C40060F0EF /* InstagramTests.xctest */;
			productType = "com.apple.product-type.bundle.unit-test";
		};
		55FFB35E1E6DF0C40060F0EF /* InstagramUITests */ = {
			isa = PBXNativeTarget;
			buildConfigurationList = 55FFB36E1E6DF0C40060F0EF /* Build configuration list for PBXNativeTarget "InstagramUITests" */;
			buildPhases = (
				779852E22655F6913ED82327 /* [CP] Check Pods Manifest.lock */,
				55FFB35B1E6DF0C40060F0EF /* Sources */,
				55FFB35C1E6DF0C40060F0EF /* Frameworks */,
				55FFB35D1E6DF0C40060F0EF /* Resources */,
				5807CE14BED57F20E2CB2013 /* [CP] Embed Pods Frameworks */,
				BF79C3760C812092C2FED865 /* [CP] Copy Pods Resources */,
			);
			buildRules = (
			);
			dependencies = (
				55FFB3611E6DF0C40060F0EF /* PBXTargetDependency */,
			);
			name = InstagramUITests;
			productName = InstagramUITests;
			productReference = 55FFB35F1E6DF0C40060F0EF /* InstagramUITests.xctest */;
			productType = "com.apple.product-type.bundle.ui-testing";
		};
/* End PBXNativeTarget section */

/* Begin PBXProject section */
		55FFB3381E6DF0C30060F0EF /* Project object */ = {
			isa = PBXProject;
			attributes = {
				LastSwiftUpdateCheck = 0820;
				LastUpgradeCheck = 0820;
				ORGANIZATIONNAME = "Victoria Zhou";
				TargetAttributes = {
					55FFB33F1E6DF0C30060F0EF = {
						CreatedOnToolsVersion = 8.2.1;
						ProvisioningStyle = Automatic;
					};
					55FFB3531E6DF0C40060F0EF = {
						CreatedOnToolsVersion = 8.2.1;
						ProvisioningStyle = Automatic;
						TestTargetID = 55FFB33F1E6DF0C30060F0EF;
					};
					55FFB35E1E6DF0C40060F0EF = {
						CreatedOnToolsVersion = 8.2.1;
						ProvisioningStyle = Automatic;
						TestTargetID = 55FFB33F1E6DF0C30060F0EF;
					};
				};
			};
			buildConfigurationList = 55FFB33B1E6DF0C30060F0EF /* Build configuration list for PBXProject "Instagram" */;
			compatibilityVersion = "Xcode 3.2";
			developmentRegion = English;
			hasScannedForEncodings = 0;
			knownRegions = (
				en,
				Base,
			);
			mainGroup = 55FFB3371E6DF0C30060F0EF;
			productRefGroup = 55FFB3411E6DF0C40060F0EF /* Products */;
			projectDirPath = "";
			projectRoot = "";
			targets = (
				55FFB33F1E6DF0C30060F0EF /* Instagram */,
				55FFB3531E6DF0C40060F0EF /* InstagramTests */,
				55FFB35E1E6DF0C40060F0EF /* InstagramUITests */,
			);
		};
/* End PBXProject section */

/* Begin PBXResourcesBuildPhase section */
		55FFB33E1E6DF0C30060F0EF /* Resources */ = {
			isa = PBXResourcesBuildPhase;
			buildActionMask = 2147483647;
			files = (
				55FFB34E1E6DF0C40060F0EF /* LaunchScreen.storyboard in Resources */,
				55FFB34B1E6DF0C40060F0EF /* Assets.xcassets in Resources */,
				55FFB3491E6DF0C40060F0EF /* Main.storyboard in Resources */,
			);
			runOnlyForDeploymentPostprocessing = 0;
		};
		55FFB3521E6DF0C40060F0EF /* Resources */ = {
			isa = PBXResourcesBuildPhase;
			buildActionMask = 2147483647;
			files = (
			);
			runOnlyForDeploymentPostprocessing = 0;
		};
		55FFB35D1E6DF0C40060F0EF /* Resources */ = {
			isa = PBXResourcesBuildPhase;
			buildActionMask = 2147483647;
			files = (
			);
			runOnlyForDeploymentPostprocessing = 0;
		};
/* End PBXResourcesBuildPhase section */

/* Begin PBXShellScriptBuildPhase section */
		0564D20E59DF7CFC68DBDB50 /* [CP] Copy Pods Resources */ = {
			isa = PBXShellScriptBuildPhase;
			buildActionMask = 2147483647;
			files = (
			);
			inputPaths = (
			);
			name = "[CP] Copy Pods Resources";
			outputPaths = (
			);
			runOnlyForDeploymentPostprocessing = 0;
			shellPath = /bin/sh;
			shellScript = "\"${SRCROOT}/Pods/Target Support Files/Pods-Instagram/Pods-Instagram-resources.sh\"\n";
			showEnvVarsInLog = 0;
		};
		1E7E889E9631B0008A443B8E /* [CP] Copy Pods Resources */ = {
			isa = PBXShellScriptBuildPhase;
			buildActionMask = 2147483647;
			files = (
			);
			inputPaths = (
			);
			name = "[CP] Copy Pods Resources";
			outputPaths = (
			);
			runOnlyForDeploymentPostprocessing = 0;
			shellPath = /bin/sh;
			shellScript = "\"${SRCROOT}/Pods/Target Support Files/Pods-InstagramTests/Pods-InstagramTests-resources.sh\"\n";
			showEnvVarsInLog = 0;
		};
		34B8825A3F30D351CDE1B5C4 /* [CP] Check Pods Manifest.lock */ = {
			isa = PBXShellScriptBuildPhase;
			buildActionMask = 2147483647;
			files = (
			);
			inputPaths = (
			);
			name = "[CP] Check Pods Manifest.lock";
			outputPaths = (
			);
			runOnlyForDeploymentPostprocessing = 0;
			shellPath = /bin/sh;
			shellScript = "diff \"${PODS_ROOT}/../Podfile.lock\" \"${PODS_ROOT}/Manifest.lock\" > /dev/null\nif [ $? != 0 ] ; then\n    # print error to STDERR\n    echo \"error: The sandbox is not in sync with the Podfile.lock. Run 'pod install' or update your CocoaPods installation.\" >&2\n    exit 1\nfi\n";
			showEnvVarsInLog = 0;
		};
		380E3B04433747B7EA54561A /* [CP] Embed Pods Frameworks */ = {
			isa = PBXShellScriptBuildPhase;
			buildActionMask = 2147483647;
			files = (
			);
			inputPaths = (
			);
			name = "[CP] Embed Pods Frameworks";
			outputPaths = (
			);
			runOnlyForDeploymentPostprocessing = 0;
			shellPath = /bin/sh;
			shellScript = "\"${SRCROOT}/Pods/Target Support Files/Pods-InstagramTests/Pods-InstagramTests-frameworks.sh\"\n";
			showEnvVarsInLog = 0;
		};
		5807CE14BED57F20E2CB2013 /* [CP] Embed Pods Frameworks */ = {
			isa = PBXShellScriptBuildPhase;
			buildActionMask = 2147483647;
			files = (
			);
			inputPaths = (
			);
			name = "[CP] Embed Pods Frameworks";
			outputPaths = (
			);
			runOnlyForDeploymentPostprocessing = 0;
			shellPath = /bin/sh;
			shellScript = "\"${SRCROOT}/Pods/Target Support Files/Pods-InstagramUITests/Pods-InstagramUITests-frameworks.sh\"\n";
			showEnvVarsInLog = 0;
		};
		779852E22655F6913ED82327 /* [CP] Check Pods Manifest.lock */ = {
			isa = PBXShellScriptBuildPhase;
			buildActionMask = 2147483647;
			files = (
			);
			inputPaths = (
			);
			name = "[CP] Check Pods Manifest.lock";
			outputPaths = (
			);
			runOnlyForDeploymentPostprocessing = 0;
			shellPath = /bin/sh;
			shellScript = "diff \"${PODS_ROOT}/../Podfile.lock\" \"${PODS_ROOT}/Manifest.lock\" > /dev/null\nif [ $? != 0 ] ; then\n    # print error to STDERR\n    echo \"error: The sandbox is not in sync with the Podfile.lock. Run 'pod install' or update your CocoaPods installation.\" >&2\n    exit 1\nfi\n";
			showEnvVarsInLog = 0;
		};
		BF79C3760C812092C2FED865 /* [CP] Copy Pods Resources */ = {
			isa = PBXShellScriptBuildPhase;
			buildActionMask = 2147483647;
			files = (
			);
			inputPaths = (
			);
			name = "[CP] Copy Pods Resources";
			outputPaths = (
			);
			runOnlyForDeploymentPostprocessing = 0;
			shellPath = /bin/sh;
			shellScript = "\"${SRCROOT}/Pods/Target Support Files/Pods-InstagramUITests/Pods-InstagramUITests-resources.sh\"\n";
			showEnvVarsInLog = 0;
		};
		E4D113D04A121C32BFE52AA6 /* [CP] Embed Pods Frameworks */ = {
			isa = PBXShellScriptBuildPhase;
			buildActionMask = 2147483647;
			files = (
			);
			inputPaths = (
			);
			name = "[CP] Embed Pods Frameworks";
			outputPaths = (
			);
			runOnlyForDeploymentPostprocessing = 0;
			shellPath = /bin/sh;
			shellScript = "\"${SRCROOT}/Pods/Target Support Files/Pods-Instagram/Pods-Instagram-frameworks.sh\"\n";
			showEnvVarsInLog = 0;
		};
		F136C1FE8DE511DE0DE86952 /* [CP] Check Pods Manifest.lock */ = {
			isa = PBXShellScriptBuildPhase;
			buildActionMask = 2147483647;
			files = (
			);
			inputPaths = (
			);
			name = "[CP] Check Pods Manifest.lock";
			outputPaths = (
			);
			runOnlyForDeploymentPostprocessing = 0;
			shellPath = /bin/sh;
			shellScript = "diff \"${PODS_ROOT}/../Podfile.lock\" \"${PODS_ROOT}/Manifest.lock\" > /dev/null\nif [ $? != 0 ] ; then\n    # print error to STDERR\n    echo \"error: The sandbox is not in sync with the Podfile.lock. Run 'pod install' or update your CocoaPods installation.\" >&2\n    exit 1\nfi\n";
			showEnvVarsInLog = 0;
		};
/* End PBXShellScriptBuildPhase section */

/* Begin PBXSourcesBuildPhase section */
		55FFB33C1E6DF0C30060F0EF /* Sources */ = {
			isa = PBXSourcesBuildPhase;
			buildActionMask = 2147483647;
			files = (
				55F209161E6F82E100AF62B0 /* PostsViewController.swift in Sources */,
				55F209141E6F617C00AF62B0 /* LoginViewController.swift in Sources */,
				55FFB3461E6DF0C40060F0EF /* ViewController.swift in Sources */,
				55FFB3441E6DF0C40060F0EF /* AppDelegate.swift in Sources */,
			);
			runOnlyForDeploymentPostprocessing = 0;
		};
		55FFB3501E6DF0C40060F0EF /* Sources */ = {
			isa = PBXSourcesBuildPhase;
			buildActionMask = 2147483647;
			files = (
				55FFB3591E6DF0C40060F0EF /* InstagramTests.swift in Sources */,
			);
			runOnlyForDeploymentPostprocessing = 0;
		};
		55FFB35B1E6DF0C40060F0EF /* Sources */ = {
			isa = PBXSourcesBuildPhase;
			buildActionMask = 2147483647;
			files = (
				55FFB3641E6DF0C40060F0EF /* InstagramUITests.swift in Sources */,
			);
			runOnlyForDeploymentPostprocessing = 0;
		};
/* End PBXSourcesBuildPhase section */

/* Begin PBXTargetDependency section */
		55FFB3561E6DF0C40060F0EF /* PBXTargetDependency */ = {
			isa = PBXTargetDependency;
			target = 55FFB33F1E6DF0C30060F0EF /* Instagram */;
			targetProxy = 55FFB3551E6DF0C40060F0EF /* PBXContainerItemProxy */;
		};
		55FFB3611E6DF0C40060F0EF /* PBXTargetDependency */ = {
			isa = PBXTargetDependency;
			target = 55FFB33F1E6DF0C30060F0EF /* Instagram */;
			targetProxy = 55FFB3601E6DF0C40060F0EF /* PBXContainerItemProxy */;
		};
/* End PBXTargetDependency section */

/* Begin PBXVariantGroup section */
		55FFB3471E6DF0C40060F0EF /* Main.storyboard */ = {
			isa = PBXVariantGroup;
			children = (
				55FFB3481E6DF0C40060F0EF /* Base */,
			);
			name = Main.storyboard;
			sourceTree = "<group>";
		};
		55FFB34C1E6DF0C40060F0EF /* LaunchScreen.storyboard */ = {
			isa = PBXVariantGroup;
			children = (
				55FFB34D1E6DF0C40060F0EF /* Base */,
			);
			name = LaunchScreen.storyboard;
			sourceTree = "<group>";
		};
/* End PBXVariantGroup section */

/* Begin XCBuildConfiguration section */
		55FFB3661E6DF0C40060F0EF /* Debug */ = {
			isa = XCBuildConfiguration;
			buildSettings = {
				ALWAYS_SEARCH_USER_PATHS = NO;
				CLANG_ANALYZER_NONNULL = YES;
				CLANG_CXX_LANGUAGE_STANDARD = "gnu++0x";
				CLANG_CXX_LIBRARY = "libc++";
				CLANG_ENABLE_MODULES = YES;
				CLANG_ENABLE_OBJC_ARC = YES;
				CLANG_WARN_BOOL_CONVERSION = YES;
				CLANG_WARN_CONSTANT_CONVERSION = YES;
				CLANG_WARN_DIRECT_OBJC_ISA_USAGE = YES_ERROR;
				CLANG_WARN_DOCUMENTATION_COMMENTS = YES;
				CLANG_WARN_EMPTY_BODY = YES;
				CLANG_WARN_ENUM_CONVERSION = YES;
				CLANG_WARN_INFINITE_RECURSION = YES;
				CLANG_WARN_INT_CONVERSION = YES;
				CLANG_WARN_OBJC_ROOT_CLASS = YES_ERROR;
				CLANG_WARN_SUSPICIOUS_MOVE = YES;
				CLANG_WARN_UNREACHABLE_CODE = YES;
				CLANG_WARN__DUPLICATE_METHOD_MATCH = YES;
				"CODE_SIGN_IDENTITY[sdk=iphoneos*]" = "iPhone Developer";
				COPY_PHASE_STRIP = NO;
				DEBUG_INFORMATION_FORMAT = dwarf;
				ENABLE_STRICT_OBJC_MSGSEND = YES;
				ENABLE_TESTABILITY = YES;
				GCC_C_LANGUAGE_STANDARD = gnu99;
				GCC_DYNAMIC_NO_PIC = NO;
				GCC_NO_COMMON_BLOCKS = YES;
				GCC_OPTIMIZATION_LEVEL = 0;
				GCC_PREPROCESSOR_DEFINITIONS = (
					"DEBUG=1",
					"$(inherited)",
				);
				GCC_WARN_64_TO_32_BIT_CONVERSION = YES;
				GCC_WARN_ABOUT_RETURN_TYPE = YES_ERROR;
				GCC_WARN_UNDECLARED_SELECTOR = YES;
				GCC_WARN_UNINITIALIZED_AUTOS = YES_AGGRESSIVE;
				GCC_WARN_UNUSED_FUNCTION = YES;
				GCC_WARN_UNUSED_VARIABLE = YES;
				IPHONEOS_DEPLOYMENT_TARGET = 10.2;
				MTL_ENABLE_DEBUG_INFO = YES;
				ONLY_ACTIVE_ARCH = YES;
				SDKROOT = iphoneos;
				SWIFT_ACTIVE_COMPILATION_CONDITIONS = DEBUG;
				SWIFT_OPTIMIZATION_LEVEL = "-Onone";
			};
			name = Debug;
		};
		55FFB3671E6DF0C40060F0EF /* Release */ = {
			isa = XCBuildConfiguration;
			buildSettings = {
				ALWAYS_SEARCH_USER_PATHS = NO;
				CLANG_ANALYZER_NONNULL = YES;
				CLANG_CXX_LANGUAGE_STANDARD = "gnu++0x";
				CLANG_CXX_LIBRARY = "libc++";
				CLANG_ENABLE_MODULES = YES;
				CLANG_ENABLE_OBJC_ARC = YES;
				CLANG_WARN_BOOL_CONVERSION = YES;
				CLANG_WARN_CONSTANT_CONVERSION = YES;
				CLANG_WARN_DIRECT_OBJC_ISA_USAGE = YES_ERROR;
				CLANG_WARN_DOCUMENTATION_COMMENTS = YES;
				CLANG_WARN_EMPTY_BODY = YES;
				CLANG_WARN_ENUM_CONVERSION = YES;
				CLANG_WARN_INFINITE_RECURSION = YES;
				CLANG_WARN_INT_CONVERSION = YES;
				CLANG_WARN_OBJC_ROOT_CLASS = YES_ERROR;
				CLANG_WARN_SUSPICIOUS_MOVE = YES;
				CLANG_WARN_UNREACHABLE_CODE = YES;
				CLANG_WARN__DUPLICATE_METHOD_MATCH = YES;
				"CODE_SIGN_IDENTITY[sdk=iphoneos*]" = "iPhone Developer";
				COPY_PHASE_STRIP = NO;
				DEBUG_INFORMATION_FORMAT = "dwarf-with-dsym";
				ENABLE_NS_ASSERTIONS = NO;
				ENABLE_STRICT_OBJC_MSGSEND = YES;
				GCC_C_LANGUAGE_STANDARD = gnu99;
				GCC_NO_COMMON_BLOCKS = YES;
				GCC_WARN_64_TO_32_BIT_CONVERSION = YES;
				GCC_WARN_ABOUT_RETURN_TYPE = YES_ERROR;
				GCC_WARN_UNDECLARED_SELECTOR = YES;
				GCC_WARN_UNINITIALIZED_AUTOS = YES_AGGRESSIVE;
				GCC_WARN_UNUSED_FUNCTION = YES;
				GCC_WARN_UNUSED_VARIABLE = YES;
				IPHONEOS_DEPLOYMENT_TARGET = 10.2;
				MTL_ENABLE_DEBUG_INFO = NO;
				SDKROOT = iphoneos;
				SWIFT_OPTIMIZATION_LEVEL = "-Owholemodule";
				VALIDATE_PRODUCT = YES;
			};
			name = Release;
		};
		55FFB3691E6DF0C40060F0EF /* Debug */ = {
			isa = XCBuildConfiguration;
			baseConfigurationReference = E681109DDBD62DFF3859DE82 /* Pods-Instagram.debug.xcconfig */;
			buildSettings = {
				ASSETCATALOG_COMPILER_APPICON_NAME = AppIcon;
				INFOPLIST_FILE = Instagram/Info.plist;
				LD_RUNPATH_SEARCH_PATHS = "$(inherited) @executable_path/Frameworks";
				PRODUCT_BUNDLE_IDENTIFIER = vczhou.Instagram;
				PRODUCT_NAME = "$(TARGET_NAME)";
				SWIFT_VERSION = 3.0;
			};
			name = Debug;
		};
		55FFB36A1E6DF0C40060F0EF /* Release */ = {
			isa = XCBuildConfiguration;
			baseConfigurationReference = 6E704470C5856A0AE855B675 /* Pods-Instagram.release.xcconfig */;
			buildSettings = {
				ASSETCATALOG_COMPILER_APPICON_NAME = AppIcon;
				INFOPLIST_FILE = Instagram/Info.plist;
				LD_RUNPATH_SEARCH_PATHS = "$(inherited) @executable_path/Frameworks";
				PRODUCT_BUNDLE_IDENTIFIER = vczhou.Instagram;
				PRODUCT_NAME = "$(TARGET_NAME)";
				SWIFT_VERSION = 3.0;
			};
			name = Release;
		};
		55FFB36C1E6DF0C40060F0EF /* Debug */ = {
			isa = XCBuildConfiguration;
			baseConfigurationReference = B38509983A2F86E470CBB40F /* Pods-InstagramTests.debug.xcconfig */;
			buildSettings = {
				ALWAYS_EMBED_SWIFT_STANDARD_LIBRARIES = YES;
				BUNDLE_LOADER = "$(TEST_HOST)";
				INFOPLIST_FILE = InstagramTests/Info.plist;
				LD_RUNPATH_SEARCH_PATHS = "$(inherited) @executable_path/Frameworks @loader_path/Frameworks";
				PRODUCT_BUNDLE_IDENTIFIER = vczhou.InstagramTests;
				PRODUCT_NAME = "$(TARGET_NAME)";
				SWIFT_VERSION = 3.0;
				TEST_HOST = "$(BUILT_PRODUCTS_DIR)/Instagram.app/Instagram";
			};
			name = Debug;
		};
		55FFB36D1E6DF0C40060F0EF /* Release */ = {
			isa = XCBuildConfiguration;
			baseConfigurationReference = 39D3861BEE5D2EADFB0C1278 /* Pods-InstagramTests.release.xcconfig */;
			buildSettings = {
				ALWAYS_EMBED_SWIFT_STANDARD_LIBRARIES = YES;
				BUNDLE_LOADER = "$(TEST_HOST)";
				INFOPLIST_FILE = InstagramTests/Info.plist;
				LD_RUNPATH_SEARCH_PATHS = "$(inherited) @executable_path/Frameworks @loader_path/Frameworks";
				PRODUCT_BUNDLE_IDENTIFIER = vczhou.InstagramTests;
				PRODUCT_NAME = "$(TARGET_NAME)";
				SWIFT_VERSION = 3.0;
				TEST_HOST = "$(BUILT_PRODUCTS_DIR)/Instagram.app/Instagram";
			};
			name = Release;
		};
		55FFB36F1E6DF0C40060F0EF /* Debug */ = {
			isa = XCBuildConfiguration;
			baseConfigurationReference = BCB1C4F50C8A2C525D1926E5 /* Pods-InstagramUITests.debug.xcconfig */;
			buildSettings = {
				ALWAYS_EMBED_SWIFT_STANDARD_LIBRARIES = YES;
				INFOPLIST_FILE = InstagramUITests/Info.plist;
				LD_RUNPATH_SEARCH_PATHS = "$(inherited) @executable_path/Frameworks @loader_path/Frameworks";
				PRODUCT_BUNDLE_IDENTIFIER = vczhou.InstagramUITests;
				PRODUCT_NAME = "$(TARGET_NAME)";
				SWIFT_VERSION = 3.0;
				TEST_TARGET_NAME = Instagram;
			};
			name = Debug;
		};
		55FFB3701E6DF0C40060F0EF /* Release */ = {
			isa = XCBuildConfiguration;
			baseConfigurationReference = BA7B5442F21F5A9A71CB2909 /* Pods-InstagramUITests.release.xcconfig */;
			buildSettings = {
				ALWAYS_EMBED_SWIFT_STANDARD_LIBRARIES = YES;
				INFOPLIST_FILE = InstagramUITests/Info.plist;
				LD_RUNPATH_SEARCH_PATHS = "$(inherited) @executable_path/Frameworks @loader_path/Frameworks";
				PRODUCT_BUNDLE_IDENTIFIER = vczhou.InstagramUITests;
				PRODUCT_NAME = "$(TARGET_NAME)";
				SWIFT_VERSION = 3.0;
				TEST_TARGET_NAME = Instagram;
			};
			name = Release;
		};
/* End XCBuildConfiguration section */

/* Begin XCConfigurationList section */
		55FFB33B1E6DF0C30060F0EF /* Build configuration list for PBXProject "Instagram" */ = {
			isa = XCConfigurationList;
			buildConfigurations = (
				55FFB3661E6DF0C40060F0EF /* Debug */,
				55FFB3671E6DF0C40060F0EF /* Release */,
			);
			defaultConfigurationIsVisible = 0;
			defaultConfigurationName = Release;
		};
		55FFB3681E6DF0C40060F0EF /* Build configuration list for PBXNativeTarget "Instagram" */ = {
			isa = XCConfigurationList;
			buildConfigurations = (
				55FFB3691E6DF0C40060F0EF /* Debug */,
				55FFB36A1E6DF0C40060F0EF /* Release */,
			);
			defaultConfigurationIsVisible = 0;
			defaultConfigurationName = Release;
		};
		55FFB36B1E6DF0C40060F0EF /* Build configuration list for PBXNativeTarget "InstagramTests" */ = {
			isa = XCConfigurationList;
			buildConfigurations = (
				55FFB36C1E6DF0C40060F0EF /* Debug */,
				55FFB36D1E6DF0C40060F0EF /* Release */,
			);
			defaultConfigurationIsVisible = 0;
			defaultConfigurationName = Release;
		};
		55FFB36E1E6DF0C40060F0EF /* Build configuration list for PBXNativeTarget "InstagramUITests" */ = {
			isa = XCConfigurationList;
			buildConfigurations = (
				55FFB36F1E6DF0C40060F0EF /* Debug */,
				55FFB3701E6DF0C40060F0EF /* Release */,
			);
			defaultConfigurationIsVisible = 0;
			defaultConfigurationName = Release;
		};
/* End XCConfigurationList section */
	};
	rootObject = 55FFB3381E6DF0C30060F0EF /* Project object */;
}
